// !$*UTF8*$!
{
	archiveVersion = 1;
	classes = {
	};
	objectVersion = 56;
	objects = {

/* Begin PBXBuildFile section */
		C701A5682AC9E81900042117 /* Main.storyboard in Resources */ = {isa = PBXBuildFile; fileRef = C701A5672AC9E81900042117 /* Main.storyboard */; };
		C701DDAA2AB275690077DA6F /* ImagesListCell.swift in Sources */ = {isa = PBXBuildFile; fileRef = C701DDA92AB275690077DA6F /* ImagesListCell.swift */; };
		C71839C92AF05E50009B4B7B /* UIBlockingProgressHUD.swift in Sources */ = {isa = PBXBuildFile; fileRef = C71839C82AF05E50009B4B7B /* UIBlockingProgressHUD.swift */; };
		C71839CB2AF060A5009B4B7B /* ProfileService.swift in Sources */ = {isa = PBXBuildFile; fileRef = C71839CA2AF060A5009B4B7B /* ProfileService.swift */; };
		C71839CD2AF060C4009B4B7B /* ProfileResult.swift in Sources */ = {isa = PBXBuildFile; fileRef = C71839CC2AF060C4009B4B7B /* ProfileResult.swift */; };
		C71839CF2AF0621E009B4B7B /* Profile.swift in Sources */ = {isa = PBXBuildFile; fileRef = C71839CE2AF0621E009B4B7B /* Profile.swift */; };
		C72E7ECC2AE9DF3F009C5870 /* ProgressHUD in Frameworks */ = {isa = PBXBuildFile; productRef = C72E7ECB2AE9DF3F009C5870 /* ProgressHUD */; };
		C7304CC82AF32C020066085C /* Kingfisher in Frameworks */ = {isa = PBXBuildFile; productRef = C7304CC72AF32C020066085C /* Kingfisher */; };
		C7304CCB2AF32E4A0066085C /* SwiftKeychainWrapper in Frameworks */ = {isa = PBXBuildFile; productRef = C7304CCA2AF32E4A0066085C /* SwiftKeychainWrapper */; };
		C7304CCD2AF3351D0066085C /* CellForSingleImageView.swift in Sources */ = {isa = PBXBuildFile; fileRef = C7304CCC2AF3351D0066085C /* CellForSingleImageView.swift */; };
		C7400DD32AC0711800D1950F /* ProfileViewController.swift in Sources */ = {isa = PBXBuildFile; fileRef = C7400DD22AC0711800D1950F /* ProfileViewController.swift */; };
		C747E9F72AD7680800AD766F /* OAuthTokenResponseBody.swift in Sources */ = {isa = PBXBuildFile; fileRef = C747E9F62AD7680800AD766F /* OAuthTokenResponseBody.swift */; };
		C747E9F92AD7685700AD766F /* OAuth2Service.swift in Sources */ = {isa = PBXBuildFile; fileRef = C747E9F82AD7685700AD766F /* OAuth2Service.swift */; };
		C747E9FB2AD76EE900AD766F /* OAuth2TokenStorage.swift in Sources */ = {isa = PBXBuildFile; fileRef = C747E9FA2AD76EE900AD766F /* OAuth2TokenStorage.swift */; };
		C747E9FE2AD7704B00AD766F /* SplashViewController.swift in Sources */ = {isa = PBXBuildFile; fileRef = C747E9FD2AD7704B00AD766F /* SplashViewController.swift */; };
		C77807DD2AC4E90800FB7220 /* SingleImageViewController.swift in Sources */ = {isa = PBXBuildFile; fileRef = C77807DC2AC4E90800FB7220 /* SingleImageViewController.swift */; };
		C79D6E762AA8E32D00CC1825 /* AppDelegate.swift in Sources */ = {isa = PBXBuildFile; fileRef = C79D6E752AA8E32D00CC1825 /* AppDelegate.swift */; };
		C79D6E782AA8E32D00CC1825 /* SceneDelegate.swift in Sources */ = {isa = PBXBuildFile; fileRef = C79D6E772AA8E32D00CC1825 /* SceneDelegate.swift */; };
		C79D6E7A2AA8E32D00CC1825 /* ImagesListViewController.swift in Sources */ = {isa = PBXBuildFile; fileRef = C79D6E792AA8E32D00CC1825 /* ImagesListViewController.swift */; };
		C79D6E7F2AA8E32E00CC1825 /* Assets.xcassets in Resources */ = {isa = PBXBuildFile; fileRef = C79D6E7E2AA8E32E00CC1825 /* Assets.xcassets */; };
		C79D6E822AA8E32E00CC1825 /* LaunchScreen.storyboard in Resources */ = {isa = PBXBuildFile; fileRef = C79D6E802AA8E32E00CC1825 /* LaunchScreen.storyboard */; };
		C79FED292AD47E9A00B4C648 /* Constants.swift in Sources */ = {isa = PBXBuildFile; fileRef = C79FED282AD47E9A00B4C648 /* Constants.swift */; };
		C7C37F922AF1AE840028B96D /* ProfileImageService.swift in Sources */ = {isa = PBXBuildFile; fileRef = C7C37F912AF1AE840028B96D /* ProfileImageService.swift */; };
		C7C37F942AF1AEC10028B96D /* UserResult.swift in Sources */ = {isa = PBXBuildFile; fileRef = C7C37F932AF1AEC10028B96D /* UserResult.swift */; };
		C7D8D13E2AF3F1C1004B25CA /* TabBarController.swift in Sources */ = {isa = PBXBuildFile; fileRef = C7D8D13D2AF3F1C1004B25CA /* TabBarController.swift */; };
		C7E3E4BB2AD4D65500AB10BD /* AuthViewController.swift in Sources */ = {isa = PBXBuildFile; fileRef = C7E3E4BA2AD4D65500AB10BD /* AuthViewController.swift */; };
		C7E3E4BD2AD4D97100AB10BD /* WebViewViewController.swift in Sources */ = {isa = PBXBuildFile; fileRef = C7E3E4BC2AD4D97100AB10BD /* WebViewViewController.swift */; };
/* End PBXBuildFile section */

/* Begin PBXFileReference section */
		C701A5672AC9E81900042117 /* Main.storyboard */ = {isa = PBXFileReference; fileEncoding = 4; lastKnownFileType = file.storyboard; path = Main.storyboard; sourceTree = "<group>"; };
		C701DDA92AB275690077DA6F /* ImagesListCell.swift */ = {isa = PBXFileReference; lastKnownFileType = sourcecode.swift; path = ImagesListCell.swift; sourceTree = "<group>"; };
		C71839C82AF05E50009B4B7B /* UIBlockingProgressHUD.swift */ = {isa = PBXFileReference; lastKnownFileType = sourcecode.swift; path = UIBlockingProgressHUD.swift; sourceTree = "<group>"; };
		C71839CA2AF060A5009B4B7B /* ProfileService.swift */ = {isa = PBXFileReference; lastKnownFileType = sourcecode.swift; path = ProfileService.swift; sourceTree = "<group>"; };
		C71839CC2AF060C4009B4B7B /* ProfileResult.swift */ = {isa = PBXFileReference; lastKnownFileType = sourcecode.swift; path = ProfileResult.swift; sourceTree = "<group>"; };
		C71839CE2AF0621E009B4B7B /* Profile.swift */ = {isa = PBXFileReference; lastKnownFileType = sourcecode.swift; path = Profile.swift; sourceTree = "<group>"; };
		C7304CCC2AF3351D0066085C /* CellForSingleImageView.swift */ = {isa = PBXFileReference; lastKnownFileType = sourcecode.swift; path = CellForSingleImageView.swift; sourceTree = "<group>"; };
		C7400DD22AC0711800D1950F /* ProfileViewController.swift */ = {isa = PBXFileReference; lastKnownFileType = sourcecode.swift; path = ProfileViewController.swift; sourceTree = "<group>"; };
		C747E9F62AD7680800AD766F /* OAuthTokenResponseBody.swift */ = {isa = PBXFileReference; lastKnownFileType = sourcecode.swift; path = OAuthTokenResponseBody.swift; sourceTree = "<group>"; };
		C747E9F82AD7685700AD766F /* OAuth2Service.swift */ = {isa = PBXFileReference; lastKnownFileType = sourcecode.swift; path = OAuth2Service.swift; sourceTree = "<group>"; };
		C747E9FA2AD76EE900AD766F /* OAuth2TokenStorage.swift */ = {isa = PBXFileReference; lastKnownFileType = sourcecode.swift; path = OAuth2TokenStorage.swift; sourceTree = "<group>"; };
		C747E9FD2AD7704B00AD766F /* SplashViewController.swift */ = {isa = PBXFileReference; lastKnownFileType = sourcecode.swift; path = SplashViewController.swift; sourceTree = "<group>"; };
		C77807DC2AC4E90800FB7220 /* SingleImageViewController.swift */ = {isa = PBXFileReference; lastKnownFileType = sourcecode.swift; path = SingleImageViewController.swift; sourceTree = "<group>"; };
		C79D6E722AA8E32D00CC1825 /* imageFeed.app */ = {isa = PBXFileReference; explicitFileType = wrapper.application; includeInIndex = 0; path = imageFeed.app; sourceTree = BUILT_PRODUCTS_DIR; };
		C79D6E752AA8E32D00CC1825 /* AppDelegate.swift */ = {isa = PBXFileReference; lastKnownFileType = sourcecode.swift; path = AppDelegate.swift; sourceTree = "<group>"; };
		C79D6E772AA8E32D00CC1825 /* SceneDelegate.swift */ = {isa = PBXFileReference; lastKnownFileType = sourcecode.swift; path = SceneDelegate.swift; sourceTree = "<group>"; };
		C79D6E792AA8E32D00CC1825 /* ImagesListViewController.swift */ = {isa = PBXFileReference; lastKnownFileType = sourcecode.swift; path = ImagesListViewController.swift; sourceTree = "<group>"; };
		C79D6E7E2AA8E32E00CC1825 /* Assets.xcassets */ = {isa = PBXFileReference; lastKnownFileType = folder.assetcatalog; path = Assets.xcassets; sourceTree = "<group>"; };
		C79D6E812AA8E32E00CC1825 /* Base */ = {isa = PBXFileReference; lastKnownFileType = file.storyboard; name = Base; path = Base.lproj/LaunchScreen.storyboard; sourceTree = "<group>"; };
		C79D6E832AA8E32E00CC1825 /* Info.plist */ = {isa = PBXFileReference; lastKnownFileType = text.plist.xml; path = Info.plist; sourceTree = "<group>"; };
		C79FED282AD47E9A00B4C648 /* Constants.swift */ = {isa = PBXFileReference; lastKnownFileType = sourcecode.swift; path = Constants.swift; sourceTree = "<group>"; };
		C7C37F912AF1AE840028B96D /* ProfileImageService.swift */ = {isa = PBXFileReference; lastKnownFileType = sourcecode.swift; path = ProfileImageService.swift; sourceTree = "<group>"; };
		C7C37F932AF1AEC10028B96D /* UserResult.swift */ = {isa = PBXFileReference; lastKnownFileType = sourcecode.swift; path = UserResult.swift; sourceTree = "<group>"; };
		C7D8D13D2AF3F1C1004B25CA /* TabBarController.swift */ = {isa = PBXFileReference; lastKnownFileType = sourcecode.swift; path = TabBarController.swift; sourceTree = "<group>"; };
		C7E3E4BA2AD4D65500AB10BD /* AuthViewController.swift */ = {isa = PBXFileReference; lastKnownFileType = sourcecode.swift; path = AuthViewController.swift; sourceTree = "<group>"; };
		C7E3E4BC2AD4D97100AB10BD /* WebViewViewController.swift */ = {isa = PBXFileReference; lastKnownFileType = sourcecode.swift; path = WebViewViewController.swift; sourceTree = "<group>"; };
/* End PBXFileReference section */

/* Begin PBXFrameworksBuildPhase section */
		C79D6E6F2AA8E32D00CC1825 /* Frameworks */ = {
			isa = PBXFrameworksBuildPhase;
			buildActionMask = 2147483647;
			files = (
				C7304CC82AF32C020066085C /* Kingfisher in Frameworks */,
				C72E7ECC2AE9DF3F009C5870 /* ProgressHUD in Frameworks */,
				C7304CCB2AF32E4A0066085C /* SwiftKeychainWrapper in Frameworks */,
			);
			runOnlyForDeploymentPostprocessing = 0;
		};
/* End PBXFrameworksBuildPhase section */

/* Begin PBXGroup section */
		C7400DD42AC0711E00D1950F /* Profile */ = {
			isa = PBXGroup;
			children = (
				C7400DD22AC0711800D1950F /* ProfileViewController.swift */,
				C71839CA2AF060A5009B4B7B /* ProfileService.swift */,
				C7C37F912AF1AE840028B96D /* ProfileImageService.swift */,
				C71839CC2AF060C4009B4B7B /* ProfileResult.swift */,
				C71839CE2AF0621E009B4B7B /* Profile.swift */,
				C7C37F932AF1AEC10028B96D /* UserResult.swift */,
			);
			path = Profile;
			sourceTree = "<group>";
		};
		C747E9FC2AD7703800AD766F /* SplashViewController */ = {
			isa = PBXGroup;
			children = (
				C747E9FD2AD7704B00AD766F /* SplashViewController.swift */,
			);
			path = SplashViewController;
			sourceTree = "<group>";
		};
		C747E9FF2AD770F300AD766F /* OAuth */ = {
			isa = PBXGroup;
			children = (
				C747E9F62AD7680800AD766F /* OAuthTokenResponseBody.swift */,
				C747E9F82AD7685700AD766F /* OAuth2Service.swift */,
				C747E9FA2AD76EE900AD766F /* OAuth2TokenStorage.swift */,
			);
			path = OAuth;
			sourceTree = "<group>";
		};
		C7909BEF2AB4ED6A00695EE5 /* ImagesList */ = {
			isa = PBXGroup;
			children = (
				C79D6E792AA8E32D00CC1825 /* ImagesListViewController.swift */,
				C701DDA92AB275690077DA6F /* ImagesListCell.swift */,
			);
			path = ImagesList;
			sourceTree = "<group>";
		};
		C79D6E692AA8E32D00CC1825 = {
			isa = PBXGroup;
			children = (
				C79D6E742AA8E32D00CC1825 /* imageFeed */,
				C79D6E732AA8E32D00CC1825 /* Products */,
			);
			sourceTree = "<group>";
		};
		C79D6E732AA8E32D00CC1825 /* Products */ = {
			isa = PBXGroup;
			children = (
				C79D6E722AA8E32D00CC1825 /* imageFeed.app */,
			);
			name = Products;
			sourceTree = "<group>";
		};
		C79D6E742AA8E32D00CC1825 /* imageFeed */ = {
			isa = PBXGroup;
			children = (
				C71839C82AF05E50009B4B7B /* UIBlockingProgressHUD.swift */,
				C747E9FF2AD770F300AD766F /* OAuth */,
				C747E9FC2AD7703800AD766F /* SplashViewController */,
				C7E3E4B92AD4D64300AB10BD /* Auth */,
				C7E3E4B82AD4D61100AB10BD /* SingleImageView */,
				C7400DD42AC0711E00D1950F /* Profile */,
				C7909BEF2AB4ED6A00695EE5 /* ImagesList */,
				C7D8D13D2AF3F1C1004B25CA /* TabBarController.swift */,
				C79D6E752AA8E32D00CC1825 /* AppDelegate.swift */,
				C79FED282AD47E9A00B4C648 /* Constants.swift */,
				C79D6E772AA8E32D00CC1825 /* SceneDelegate.swift */,
				C79D6E7E2AA8E32E00CC1825 /* Assets.xcassets */,
				C79D6E802AA8E32E00CC1825 /* LaunchScreen.storyboard */,
				C79D6E832AA8E32E00CC1825 /* Info.plist */,
				C701A5672AC9E81900042117 /* Main.storyboard */,
			);
			path = imageFeed;
			sourceTree = "<group>";
		};
		C7E3E4B82AD4D61100AB10BD /* SingleImageView */ = {
			isa = PBXGroup;
			children = (
				C77807DC2AC4E90800FB7220 /* SingleImageViewController.swift */,
				C7304CCC2AF3351D0066085C /* CellForSingleImageView.swift */,
			);
			path = SingleImageView;
			sourceTree = "<group>";
		};
		C7E3E4B92AD4D64300AB10BD /* Auth */ = {
			isa = PBXGroup;
			children = (
				C7E3E4BA2AD4D65500AB10BD /* AuthViewController.swift */,
				C7E3E4BC2AD4D97100AB10BD /* WebViewViewController.swift */,
			);
			path = Auth;
			sourceTree = "<group>";
		};
/* End PBXGroup section */

/* Begin PBXNativeTarget section */
		C79D6E712AA8E32D00CC1825 /* imageFeed */ = {
			isa = PBXNativeTarget;
			buildConfigurationList = C79D6E862AA8E32E00CC1825 /* Build configuration list for PBXNativeTarget "imageFeed" */;
			buildPhases = (
				C79D6E6E2AA8E32D00CC1825 /* Sources */,
				C79D6E6F2AA8E32D00CC1825 /* Frameworks */,
				C79D6E702AA8E32D00CC1825 /* Resources */,
			);
			buildRules = (
			);
			dependencies = (
			);
			name = imageFeed;
			packageProductDependencies = (
				C72E7ECB2AE9DF3F009C5870 /* ProgressHUD */,
				C7304CC72AF32C020066085C /* Kingfisher */,
				C7304CCA2AF32E4A0066085C /* SwiftKeychainWrapper */,
			);
			productName = imageFeed;
			productReference = C79D6E722AA8E32D00CC1825 /* imageFeed.app */;
			productType = "com.apple.product-type.application";
		};
/* End PBXNativeTarget section */

/* Begin PBXProject section */
		C79D6E6A2AA8E32D00CC1825 /* Project object */ = {
			isa = PBXProject;
			attributes = {
				BuildIndependentTargetsInParallel = 1;
				LastSwiftUpdateCheck = 1430;
				LastUpgradeCheck = 1430;
				TargetAttributes = {
					C79D6E712AA8E32D00CC1825 = {
						CreatedOnToolsVersion = 14.3.1;
					};
				};
			};
			buildConfigurationList = C79D6E6D2AA8E32D00CC1825 /* Build configuration list for PBXProject "imageFeed" */;
			compatibilityVersion = "Xcode 14.0";
			developmentRegion = en;
			hasScannedForEncodings = 0;
			knownRegions = (
				en,
				Base,
			);
			mainGroup = C79D6E692AA8E32D00CC1825;
			packageReferences = (
				C72E7ECA2AE9DF3F009C5870 /* XCRemoteSwiftPackageReference "ProgressHUD" */,
				C7304CC62AF32C020066085C /* XCRemoteSwiftPackageReference "Kingfisher" */,
				C7304CC92AF32E4A0066085C /* XCRemoteSwiftPackageReference "SwiftKeychainWrapper" */,
			);
			productRefGroup = C79D6E732AA8E32D00CC1825 /* Products */;
			projectDirPath = "";
			projectRoot = "";
			targets = (
				C79D6E712AA8E32D00CC1825 /* imageFeed */,
			);
		};
/* End PBXProject section */

/* Begin PBXResourcesBuildPhase section */
		C79D6E702AA8E32D00CC1825 /* Resources */ = {
			isa = PBXResourcesBuildPhase;
			buildActionMask = 2147483647;
			files = (
				C701A5682AC9E81900042117 /* Main.storyboard in Resources */,
				C79D6E822AA8E32E00CC1825 /* LaunchScreen.storyboard in Resources */,
				C79D6E7F2AA8E32E00CC1825 /* Assets.xcassets in Resources */,
			);
			runOnlyForDeploymentPostprocessing = 0;
		};
/* End PBXResourcesBuildPhase section */

/* Begin PBXSourcesBuildPhase section */
		C79D6E6E2AA8E32D00CC1825 /* Sources */ = {
			isa = PBXSourcesBuildPhase;
			buildActionMask = 2147483647;
			files = (
				C71839CF2AF0621E009B4B7B /* Profile.swift in Sources */,
				C747E9FB2AD76EE900AD766F /* OAuth2TokenStorage.swift in Sources */,
				C79D6E7A2AA8E32D00CC1825 /* ImagesListViewController.swift in Sources */,
				C701DDAA2AB275690077DA6F /* ImagesListCell.swift in Sources */,
				C7400DD32AC0711800D1950F /* ProfileViewController.swift in Sources */,
				C79D6E762AA8E32D00CC1825 /* AppDelegate.swift in Sources */,
				C747E9F92AD7685700AD766F /* OAuth2Service.swift in Sources */,
				C747E9FE2AD7704B00AD766F /* SplashViewController.swift in Sources */,
				C747E9F72AD7680800AD766F /* OAuthTokenResponseBody.swift in Sources */,
				C7E3E4BB2AD4D65500AB10BD /* AuthViewController.swift in Sources */,
				C79FED292AD47E9A00B4C648 /* Constants.swift in Sources */,
				C77807DD2AC4E90800FB7220 /* SingleImageViewController.swift in Sources */,
				C7E3E4BD2AD4D97100AB10BD /* WebViewViewController.swift in Sources */,
				C79D6E782AA8E32D00CC1825 /* SceneDelegate.swift in Sources */,
				C71839C92AF05E50009B4B7B /* UIBlockingProgressHUD.swift in Sources */,
				C7C37F922AF1AE840028B96D /* ProfileImageService.swift in Sources */,
				C71839CD2AF060C4009B4B7B /* ProfileResult.swift in Sources */,
				C7C37F942AF1AEC10028B96D /* UserResult.swift in Sources */,
				C7D8D13E2AF3F1C1004B25CA /* TabBarController.swift in Sources */,
				C7304CCD2AF3351D0066085C /* CellForSingleImageView.swift in Sources */,
				C71839CB2AF060A5009B4B7B /* ProfileService.swift in Sources */,
			);
			runOnlyForDeploymentPostprocessing = 0;
		};
/* End PBXSourcesBuildPhase section */

/* Begin PBXVariantGroup section */
		C79D6E802AA8E32E00CC1825 /* LaunchScreen.storyboard */ = {
			isa = PBXVariantGroup;
			children = (
				C79D6E812AA8E32E00CC1825 /* Base */,
			);
			name = LaunchScreen.storyboard;
			sourceTree = "<group>";
		};
/* End PBXVariantGroup section */

/* Begin XCBuildConfiguration section */
		C79D6E842AA8E32E00CC1825 /* Debug */ = {
			isa = XCBuildConfiguration;
			buildSettings = {
				ALWAYS_SEARCH_USER_PATHS = NO;
				CLANG_ANALYZER_NONNULL = YES;
				CLANG_ANALYZER_NUMBER_OBJECT_CONVERSION = YES_AGGRESSIVE;
				CLANG_CXX_LANGUAGE_STANDARD = "gnu++20";
				CLANG_ENABLE_MODULES = YES;
				CLANG_ENABLE_OBJC_ARC = YES;
				CLANG_ENABLE_OBJC_WEAK = YES;
				CLANG_WARN_BLOCK_CAPTURE_AUTORELEASING = YES;
				CLANG_WARN_BOOL_CONVERSION = YES;
				CLANG_WARN_COMMA = YES;
				CLANG_WARN_CONSTANT_CONVERSION = YES;
				CLANG_WARN_DEPRECATED_OBJC_IMPLEMENTATIONS = YES;
				CLANG_WARN_DIRECT_OBJC_ISA_USAGE = YES_ERROR;
				CLANG_WARN_DOCUMENTATION_COMMENTS = YES;
				CLANG_WARN_EMPTY_BODY = YES;
				CLANG_WARN_ENUM_CONVERSION = YES;
				CLANG_WARN_INFINITE_RECURSION = YES;
				CLANG_WARN_INT_CONVERSION = YES;
				CLANG_WARN_NON_LITERAL_NULL_CONVERSION = YES;
				CLANG_WARN_OBJC_IMPLICIT_RETAIN_SELF = YES;
				CLANG_WARN_OBJC_LITERAL_CONVERSION = YES;
				CLANG_WARN_OBJC_ROOT_CLASS = YES_ERROR;
				CLANG_WARN_QUOTED_INCLUDE_IN_FRAMEWORK_HEADER = YES;
				CLANG_WARN_RANGE_LOOP_ANALYSIS = YES;
				CLANG_WARN_STRICT_PROTOTYPES = YES;
				CLANG_WARN_SUSPICIOUS_MOVE = YES;
				CLANG_WARN_UNGUARDED_AVAILABILITY = YES_AGGRESSIVE;
				CLANG_WARN_UNREACHABLE_CODE = YES;
				CLANG_WARN__DUPLICATE_METHOD_MATCH = YES;
				COPY_PHASE_STRIP = NO;
				DEBUG_INFORMATION_FORMAT = dwarf;
				ENABLE_STRICT_OBJC_MSGSEND = YES;
				ENABLE_TESTABILITY = YES;
				GCC_C_LANGUAGE_STANDARD = gnu11;
				GCC_DYNAMIC_NO_PIC = NO;
				GCC_NO_COMMON_BLOCKS = YES;
				GCC_OPTIMIZATION_LEVEL = 0;
				GCC_PREPROCESSOR_DEFINITIONS = (
					"DEBUG=1",
					"$(inherited)",
				);
				GCC_WARN_64_TO_32_BIT_CONVERSION = YES;
				GCC_WARN_ABOUT_RETURN_TYPE = YES_ERROR;
				GCC_WARN_UNDECLARED_SELECTOR = YES;
				GCC_WARN_UNINITIALIZED_AUTOS = YES_AGGRESSIVE;
				GCC_WARN_UNUSED_FUNCTION = YES;
				GCC_WARN_UNUSED_VARIABLE = YES;
				IPHONEOS_DEPLOYMENT_TARGET = 16.4;
				MTL_ENABLE_DEBUG_INFO = INCLUDE_SOURCE;
				MTL_FAST_MATH = YES;
				ONLY_ACTIVE_ARCH = YES;
				SDKROOT = iphoneos;
				SWIFT_ACTIVE_COMPILATION_CONDITIONS = DEBUG;
				SWIFT_OPTIMIZATION_LEVEL = "-Onone";
			};
			name = Debug;
		};
		C79D6E852AA8E32E00CC1825 /* Release */ = {
			isa = XCBuildConfiguration;
			buildSettings = {
				ALWAYS_SEARCH_USER_PATHS = NO;
				CLANG_ANALYZER_NONNULL = YES;
				CLANG_ANALYZER_NUMBER_OBJECT_CONVERSION = YES_AGGRESSIVE;
				CLANG_CXX_LANGUAGE_STANDARD = "gnu++20";
				CLANG_ENABLE_MODULES = YES;
				CLANG_ENABLE_OBJC_ARC = YES;
				CLANG_ENABLE_OBJC_WEAK = YES;
				CLANG_WARN_BLOCK_CAPTURE_AUTORELEASING = YES;
				CLANG_WARN_BOOL_CONVERSION = YES;
				CLANG_WARN_COMMA = YES;
				CLANG_WARN_CONSTANT_CONVERSION = YES;
				CLANG_WARN_DEPRECATED_OBJC_IMPLEMENTATIONS = YES;
				CLANG_WARN_DIRECT_OBJC_ISA_USAGE = YES_ERROR;
				CLANG_WARN_DOCUMENTATION_COMMENTS = YES;
				CLANG_WARN_EMPTY_BODY = YES;
				CLANG_WARN_ENUM_CONVERSION = YES;
				CLANG_WARN_INFINITE_RECURSION = YES;
				CLANG_WARN_INT_CONVERSION = YES;
				CLANG_WARN_NON_LITERAL_NULL_CONVERSION = YES;
				CLANG_WARN_OBJC_IMPLICIT_RETAIN_SELF = YES;
				CLANG_WARN_OBJC_LITERAL_CONVERSION = YES;
				CLANG_WARN_OBJC_ROOT_CLASS = YES_ERROR;
				CLANG_WARN_QUOTED_INCLUDE_IN_FRAMEWORK_HEADER = YES;
				CLANG_WARN_RANGE_LOOP_ANALYSIS = YES;
				CLANG_WARN_STRICT_PROTOTYPES = YES;
				CLANG_WARN_SUSPICIOUS_MOVE = YES;
				CLANG_WARN_UNGUARDED_AVAILABILITY = YES_AGGRESSIVE;
				CLANG_WARN_UNREACHABLE_CODE = YES;
				CLANG_WARN__DUPLICATE_METHOD_MATCH = YES;
				COPY_PHASE_STRIP = NO;
				DEBUG_INFORMATION_FORMAT = "dwarf-with-dsym";
				ENABLE_NS_ASSERTIONS = NO;
				ENABLE_STRICT_OBJC_MSGSEND = YES;
				GCC_C_LANGUAGE_STANDARD = gnu11;
				GCC_NO_COMMON_BLOCKS = YES;
				GCC_WARN_64_TO_32_BIT_CONVERSION = YES;
				GCC_WARN_ABOUT_RETURN_TYPE = YES_ERROR;
				GCC_WARN_UNDECLARED_SELECTOR = YES;
				GCC_WARN_UNINITIALIZED_AUTOS = YES_AGGRESSIVE;
				GCC_WARN_UNUSED_FUNCTION = YES;
				GCC_WARN_UNUSED_VARIABLE = YES;
				IPHONEOS_DEPLOYMENT_TARGET = 16.4;
				MTL_ENABLE_DEBUG_INFO = NO;
				MTL_FAST_MATH = YES;
				SDKROOT = iphoneos;
				SWIFT_COMPILATION_MODE = wholemodule;
				SWIFT_OPTIMIZATION_LEVEL = "-O";
				VALIDATE_PRODUCT = YES;
			};
			name = Release;
		};
		C79D6E872AA8E32E00CC1825 /* Debug */ = {
			isa = XCBuildConfiguration;
			buildSettings = {
				ASSETCATALOG_COMPILER_APPICON_NAME = AppIcon;
				ASSETCATALOG_COMPILER_GLOBAL_ACCENT_COLOR_NAME = AccentColor;
				CODE_SIGN_STYLE = Automatic;
				CURRENT_PROJECT_VERSION = 1;
				DEVELOPMENT_TEAM = 3VR76L79W4;
				GENERATE_INFOPLIST_FILE = YES;
				INFOPLIST_FILE = imageFeed/Info.plist;
				INFOPLIST_KEY_UIApplicationSupportsIndirectInputEvents = YES;
				INFOPLIST_KEY_UILaunchStoryboardName = LaunchScreen;
				INFOPLIST_KEY_UIMainStoryboardFile = Main;
				IPHONEOS_DEPLOYMENT_TARGET = 13.0;
				LD_RUNPATH_SEARCH_PATHS = (
					"$(inherited)",
					"@executable_path/Frameworks",
				);
				MARKETING_VERSION = 1.0;
				PRODUCT_BUNDLE_IDENTIFIER = ImageFeed;
				PRODUCT_NAME = "$(TARGET_NAME)";
				SUPPORTED_PLATFORMS = "iphoneos iphonesimulator";
				SUPPORTS_MACCATALYST = NO;
				SUPPORTS_MAC_DESIGNED_FOR_IPHONE_IPAD = NO;
				SWIFT_EMIT_LOC_STRINGS = YES;
				SWIFT_VERSION = 5.0;
				TARGETED_DEVICE_FAMILY = 1;
			};
			name = Debug;
		};
		C79D6E882AA8E32E00CC1825 /* Release */ = {
			isa = XCBuildConfiguration;
			buildSettings = {
				ASSETCATALOG_COMPILER_APPICON_NAME = AppIcon;
				ASSETCATALOG_COMPILER_GLOBAL_ACCENT_COLOR_NAME = AccentColor;
				CODE_SIGN_STYLE = Automatic;
				CURRENT_PROJECT_VERSION = 1;
				DEVELOPMENT_TEAM = 3VR76L79W4;
				GENERATE_INFOPLIST_FILE = YES;
				INFOPLIST_FILE = imageFeed/Info.plist;
				INFOPLIST_KEY_UIApplicationSupportsIndirectInputEvents = YES;
				INFOPLIST_KEY_UILaunchStoryboardName = LaunchScreen;
				INFOPLIST_KEY_UIMainStoryboardFile = Main;
				IPHONEOS_DEPLOYMENT_TARGET = 13.0;
				LD_RUNPATH_SEARCH_PATHS = (
					"$(inherited)",
					"@executable_path/Frameworks",
				);
				MARKETING_VERSION = 1.0;
				PRODUCT_BUNDLE_IDENTIFIER = ImageFeed;
				PRODUCT_NAME = "$(TARGET_NAME)";
				SUPPORTED_PLATFORMS = "iphoneos iphonesimulator";
				SUPPORTS_MACCATALYST = NO;
				SUPPORTS_MAC_DESIGNED_FOR_IPHONE_IPAD = NO;
				SWIFT_EMIT_LOC_STRINGS = YES;
				SWIFT_VERSION = 5.0;
				TARGETED_DEVICE_FAMILY = 1;
			};
			name = Release;
		};
/* End XCBuildConfiguration section */

/* Begin XCConfigurationList section */
		C79D6E6D2AA8E32D00CC1825 /* Build configuration list for PBXProject "imageFeed" */ = {
			isa = XCConfigurationList;
			buildConfigurations = (
				C79D6E842AA8E32E00CC1825 /* Debug */,
				C79D6E852AA8E32E00CC1825 /* Release */,
			);
			defaultConfigurationIsVisible = 0;
			defaultConfigurationName = Release;
		};
		C79D6E862AA8E32E00CC1825 /* Build configuration list for PBXNativeTarget "imageFeed" */ = {
			isa = XCConfigurationList;
			buildConfigurations = (
				C79D6E872AA8E32E00CC1825 /* Debug */,
				C79D6E882AA8E32E00CC1825 /* Release */,
			);
			defaultConfigurationIsVisible = 0;
			defaultConfigurationName = Release;
		};
/* End XCConfigurationList section */

/* Begin XCRemoteSwiftPackageReference section */
		C72E7ECA2AE9DF3F009C5870 /* XCRemoteSwiftPackageReference "ProgressHUD" */ = {
			isa = XCRemoteSwiftPackageReference;
			repositoryURL = "https://github.com/relatedcode/ProgressHUD";
			requirement = {
				kind = upToNextMajorVersion;
				minimumVersion = 13.8.5;
			};
		};
		C7304CC62AF32C020066085C /* XCRemoteSwiftPackageReference "Kingfisher" */ = {
			isa = XCRemoteSwiftPackageReference;
			repositoryURL = "https://github.com/onevcat/Kingfisher.git";
			requirement = {
				kind = upToNextMajorVersion;
				minimumVersion = 7.10.0;
			};
		};
		C7304CC92AF32E4A0066085C /* XCRemoteSwiftPackageReference "SwiftKeychainWrapper" */ = {
			isa = XCRemoteSwiftPackageReference;
			repositoryURL = "https://github.com/jrendel/SwiftKeychainWrapper.git";
			requirement = {
				kind = upToNextMajorVersion;
				minimumVersion = 4.0.1;
			};
		};
/* End XCRemoteSwiftPackageReference section */

/* Begin XCSwiftPackageProductDependency section */
		C72E7ECB2AE9DF3F009C5870 /* ProgressHUD */ = {
			isa = XCSwiftPackageProductDependency;
			package = C72E7ECA2AE9DF3F009C5870 /* XCRemoteSwiftPackageReference "ProgressHUD" */;
			productName = ProgressHUD;
		};
		C7304CC72AF32C020066085C /* Kingfisher */ = {
			isa = XCSwiftPackageProductDependency;
			package = C7304CC62AF32C020066085C /* XCRemoteSwiftPackageReference "Kingfisher" */;
			productName = Kingfisher;
		};
		C7304CCA2AF32E4A0066085C /* SwiftKeychainWrapper */ = {
			isa = XCSwiftPackageProductDependency;
			package = C7304CC92AF32E4A0066085C /* XCRemoteSwiftPackageReference "SwiftKeychainWrapper" */;
			productName = SwiftKeychainWrapper;
		};
/* End XCSwiftPackageProductDependency section */
	};
	rootObject = C79D6E6A2AA8E32D00CC1825 /* Project object */;
}
